// !$*UTF8*$!
{
	archiveVersion = 1;
	classes = {
	};
	objectVersion = 50;
	objects = {

/* Begin PBXBuildFile section */
		1C7989B4267882AC004D6138 /* TestMain.swift in Sources */ = {isa = PBXBuildFile; fileRef = 1C7989B3267882AC004D6138 /* TestMain.swift */; };
		279A51D226721C3C007A559E /* ColorTableViewCell.swift in Sources */ = {isa = PBXBuildFile; fileRef = 279A51D026721C3C007A559E /* ColorTableViewCell.swift */; };
		279A51D326721C3C007A559E /* ColorTableViewCell.xib in Resources */ = {isa = PBXBuildFile; fileRef = 279A51D126721C3C007A559E /* ColorTableViewCell.xib */; };
		279A51D926722C76007A559E /* ColorCombinationTableViewCell.swift in Sources */ = {isa = PBXBuildFile; fileRef = 279A51D726722C76007A559E /* ColorCombinationTableViewCell.swift */; };
		279A51DA26722C76007A559E /* ColorCombinationTableViewCell.xib in Resources */ = {isa = PBXBuildFile; fileRef = 279A51D826722C76007A559E /* ColorCombinationTableViewCell.xib */; };
		27C2685A26734C69000D2D10 /* InformationPopUpViewViewController.swift in Sources */ = {isa = PBXBuildFile; fileRef = 27C2685826734C69000D2D10 /* InformationPopUpViewViewController.swift */; };
		27C2685B26734C69000D2D10 /* InformationPopUpViewViewController.xib in Resources */ = {isa = PBXBuildFile; fileRef = 27C2685926734C69000D2D10 /* InformationPopUpViewViewController.xib */; };
		8304D0A7266EA64300EBABB5 /* Color.swift in Sources */ = {isa = PBXBuildFile; fileRef = 8304D0A6266EA64300EBABB5 /* Color.swift */; };
		83052DB3267378CE000B0A36 /* PaletteTableViewCell.swift in Sources */ = {isa = PBXBuildFile; fileRef = 83052DB2267378CE000B0A36 /* PaletteTableViewCell.swift */; };
		83052DB526737903000B0A36 /* PaletteTableViewCell.xib in Resources */ = {isa = PBXBuildFile; fileRef = 83052DB426737903000B0A36 /* PaletteTableViewCell.xib */; };
		83052DBB267379DE000B0A36 /* PreviewsView.swift in Sources */ = {isa = PBXBuildFile; fileRef = 83052DBA267379DE000B0A36 /* PreviewsView.swift */; };
		83052DBD267379F4000B0A36 /* Views.xib in Resources */ = {isa = PBXBuildFile; fileRef = 83052DBC267379F4000B0A36 /* Views.xib */; };
		83171EDE26714C60001999F7 /* RelatedColorCell.swift in Sources */ = {isa = PBXBuildFile; fileRef = 83171EDD26714C60001999F7 /* RelatedColorCell.swift */; };
		8321CD422660EE5C0094519F /* AppDelegate.swift in Sources */ = {isa = PBXBuildFile; fileRef = 8321CD412660EE5C0094519F /* AppDelegate.swift */; };
		8321CD442660EE5C0094519F /* SceneDelegate.swift in Sources */ = {isa = PBXBuildFile; fileRef = 8321CD432660EE5C0094519F /* SceneDelegate.swift */; };
		8321CD462660EE5C0094519F /* MainViewController.swift in Sources */ = {isa = PBXBuildFile; fileRef = 8321CD452660EE5C0094519F /* MainViewController.swift */; };
		8321CD4C2660EE5C0094519F /* Preferrd.xcdatamodeld in Sources */ = {isa = PBXBuildFile; fileRef = 8321CD4A2660EE5C0094519F /* Preferrd.xcdatamodeld */; };
		8321CD4E2660EE5D0094519F /* Assets.xcassets in Resources */ = {isa = PBXBuildFile; fileRef = 8321CD4D2660EE5D0094519F /* Assets.xcassets */; };
		8321CD592660F3570094519F /* Main.storyboard in Resources */ = {isa = PBXBuildFile; fileRef = 8321CD582660F3570094519F /* Main.storyboard */; };
		8321CD5B2660F3710094519F /* LaunchScreen.storyboard in Resources */ = {isa = PBXBuildFile; fileRef = 8321CD5A2660F3710094519F /* LaunchScreen.storyboard */; };
		8321CD5E2660F3AB0094519F /* Localizable.strings in Resources */ = {isa = PBXBuildFile; fileRef = 8321CD5C2660F3AB0094519F /* Localizable.strings */; };
		834005142661691D0061724B /* Extensions.swift in Sources */ = {isa = PBXBuildFile; fileRef = 834005132661691D0061724B /* Extensions.swift */; };
		83897DDE266BFB8000AB4913 /* Constants.swift in Sources */ = {isa = PBXBuildFile; fileRef = 83897DDD266BFB8000AB4913 /* Constants.swift */; };
		83BDB9AC266F8EF400CC8DEE /* ColorCombination.swift in Sources */ = {isa = PBXBuildFile; fileRef = 83BDB9AB266F8EF400CC8DEE /* ColorCombination.swift */; };
		83D22DBF266623AC0009B9AF /* ColorHelper.swift in Sources */ = {isa = PBXBuildFile; fileRef = 83D22DBE266623AC0009B9AF /* ColorHelper.swift */; };
		83DD4D88266E81CD00BC2EC4 /* ColorMeaning.swift in Sources */ = {isa = PBXBuildFile; fileRef = 83DD4D87266E81CD00BC2EC4 /* ColorMeaning.swift */; };
		CC654F0C26735284004C7C8A /* PickTheme.storyboard in Resources */ = {isa = PBXBuildFile; fileRef = CC654F0B26735284004C7C8A /* PickTheme.storyboard */; };
		CC654F0E26735812004C7C8A /* PickThemeViewController.swift in Sources */ = {isa = PBXBuildFile; fileRef = CC654F0D26735812004C7C8A /* PickThemeViewController.swift */; };
		CCCA6C0F26721C5700D7D3AF /* ThemeCollectionViewCell.swift in Sources */ = {isa = PBXBuildFile; fileRef = CCCA6C0D26721C5700D7D3AF /* ThemeCollectionViewCell.swift */; };
		CCCA6C1026721C5700D7D3AF /* ThemeCollectionViewCell.xib in Resources */ = {isa = PBXBuildFile; fileRef = CCCA6C0E26721C5700D7D3AF /* ThemeCollectionViewCell.xib */; };
/* End PBXBuildFile section */

/* Begin PBXFileReference section */
		1C7989B3267882AC004D6138 /* TestMain.swift */ = {isa = PBXFileReference; lastKnownFileType = sourcecode.swift; path = TestMain.swift; sourceTree = "<group>"; };
		279A51D026721C3C007A559E /* ColorTableViewCell.swift */ = {isa = PBXFileReference; lastKnownFileType = sourcecode.swift; path = ColorTableViewCell.swift; sourceTree = "<group>"; };
		279A51D126721C3C007A559E /* ColorTableViewCell.xib */ = {isa = PBXFileReference; lastKnownFileType = file.xib; path = ColorTableViewCell.xib; sourceTree = "<group>"; };
		279A51D726722C76007A559E /* ColorCombinationTableViewCell.swift */ = {isa = PBXFileReference; lastKnownFileType = sourcecode.swift; path = ColorCombinationTableViewCell.swift; sourceTree = "<group>"; };
		279A51D826722C76007A559E /* ColorCombinationTableViewCell.xib */ = {isa = PBXFileReference; lastKnownFileType = file.xib; path = ColorCombinationTableViewCell.xib; sourceTree = "<group>"; };
		27C2685826734C69000D2D10 /* InformationPopUpViewViewController.swift */ = {isa = PBXFileReference; lastKnownFileType = sourcecode.swift; path = InformationPopUpViewViewController.swift; sourceTree = "<group>"; };
		27C2685926734C69000D2D10 /* InformationPopUpViewViewController.xib */ = {isa = PBXFileReference; lastKnownFileType = file.xib; path = InformationPopUpViewViewController.xib; sourceTree = "<group>"; };
		8304D0A6266EA64300EBABB5 /* Color.swift */ = {isa = PBXFileReference; lastKnownFileType = sourcecode.swift; path = Color.swift; sourceTree = "<group>"; };
		83052DB2267378CE000B0A36 /* PaletteTableViewCell.swift */ = {isa = PBXFileReference; lastKnownFileType = sourcecode.swift; path = PaletteTableViewCell.swift; sourceTree = "<group>"; };
		83052DB426737903000B0A36 /* PaletteTableViewCell.xib */ = {isa = PBXFileReference; lastKnownFileType = file.xib; path = PaletteTableViewCell.xib; sourceTree = "<group>"; };
		83052DBA267379DE000B0A36 /* PreviewsView.swift */ = {isa = PBXFileReference; lastKnownFileType = sourcecode.swift; path = PreviewsView.swift; sourceTree = "<group>"; };
		83052DBC267379F4000B0A36 /* Views.xib */ = {isa = PBXFileReference; lastKnownFileType = file.xib; path = Views.xib; sourceTree = "<group>"; };
		83171EDD26714C60001999F7 /* RelatedColorCell.swift */ = {isa = PBXFileReference; lastKnownFileType = sourcecode.swift; path = RelatedColorCell.swift; sourceTree = "<group>"; };
		8321CD3E2660EE5C0094519F /* preferrd.app */ = {isa = PBXFileReference; explicitFileType = wrapper.application; includeInIndex = 0; path = preferrd.app; sourceTree = BUILT_PRODUCTS_DIR; };
		8321CD412660EE5C0094519F /* AppDelegate.swift */ = {isa = PBXFileReference; lastKnownFileType = sourcecode.swift; path = AppDelegate.swift; sourceTree = "<group>"; };
		8321CD432660EE5C0094519F /* SceneDelegate.swift */ = {isa = PBXFileReference; lastKnownFileType = sourcecode.swift; path = SceneDelegate.swift; sourceTree = "<group>"; };
		8321CD452660EE5C0094519F /* MainViewController.swift */ = {isa = PBXFileReference; lastKnownFileType = sourcecode.swift; path = MainViewController.swift; sourceTree = "<group>"; };
		8321CD4B2660EE5C0094519F /* hydrococo.xcdatamodel */ = {isa = PBXFileReference; lastKnownFileType = wrapper.xcdatamodel; path = hydrococo.xcdatamodel; sourceTree = "<group>"; };
		8321CD4D2660EE5D0094519F /* Assets.xcassets */ = {isa = PBXFileReference; lastKnownFileType = folder.assetcatalog; path = Assets.xcassets; sourceTree = "<group>"; };
		8321CD522660EE5D0094519F /* Info.plist */ = {isa = PBXFileReference; lastKnownFileType = text.plist.xml; path = Info.plist; sourceTree = "<group>"; };
		8321CD582660F3570094519F /* Main.storyboard */ = {isa = PBXFileReference; lastKnownFileType = file.storyboard; path = Main.storyboard; sourceTree = "<group>"; };
		8321CD5A2660F3710094519F /* LaunchScreen.storyboard */ = {isa = PBXFileReference; lastKnownFileType = file.storyboard; path = LaunchScreen.storyboard; sourceTree = "<group>"; };
		8321CD5D2660F3AB0094519F /* Base */ = {isa = PBXFileReference; lastKnownFileType = text.plist.strings; name = Base; path = Base.lproj/Localizable.strings; sourceTree = "<group>"; };
		8321CD5F2660F3B90094519F /* id */ = {isa = PBXFileReference; lastKnownFileType = text.plist.strings; name = id; path = id.lproj/Localizable.strings; sourceTree = "<group>"; };
		834005132661691D0061724B /* Extensions.swift */ = {isa = PBXFileReference; lastKnownFileType = sourcecode.swift; path = Extensions.swift; sourceTree = "<group>"; };
		83897DDD266BFB8000AB4913 /* Constants.swift */ = {isa = PBXFileReference; lastKnownFileType = sourcecode.swift; path = Constants.swift; sourceTree = "<group>"; };
		83BDB9AB266F8EF400CC8DEE /* ColorCombination.swift */ = {isa = PBXFileReference; lastKnownFileType = sourcecode.swift; path = ColorCombination.swift; sourceTree = "<group>"; };
		83D22DBE266623AC0009B9AF /* ColorHelper.swift */ = {isa = PBXFileReference; lastKnownFileType = sourcecode.swift; path = ColorHelper.swift; sourceTree = "<group>"; };
		83DD4D87266E81CD00BC2EC4 /* ColorMeaning.swift */ = {isa = PBXFileReference; lastKnownFileType = sourcecode.swift; path = ColorMeaning.swift; sourceTree = "<group>"; };
		CC654F0B26735284004C7C8A /* PickTheme.storyboard */ = {isa = PBXFileReference; lastKnownFileType = file.storyboard; path = PickTheme.storyboard; sourceTree = "<group>"; };
		CC654F0D26735812004C7C8A /* PickThemeViewController.swift */ = {isa = PBXFileReference; lastKnownFileType = sourcecode.swift; path = PickThemeViewController.swift; sourceTree = "<group>"; };
		CCCA6C0D26721C5700D7D3AF /* ThemeCollectionViewCell.swift */ = {isa = PBXFileReference; lastKnownFileType = sourcecode.swift; path = ThemeCollectionViewCell.swift; sourceTree = "<group>"; };
		CCCA6C0E26721C5700D7D3AF /* ThemeCollectionViewCell.xib */ = {isa = PBXFileReference; lastKnownFileType = file.xib; path = ThemeCollectionViewCell.xib; sourceTree = "<group>"; };
/* End PBXFileReference section */

/* Begin PBXFrameworksBuildPhase section */
		8321CD3B2660EE5C0094519F /* Frameworks */ = {
			isa = PBXFrameworksBuildPhase;
			buildActionMask = 2147483647;
			files = (
			);
			runOnlyForDeploymentPostprocessing = 0;
		};
/* End PBXFrameworksBuildPhase section */

/* Begin PBXGroup section */
		279A51CF26721C24007A559E /* Reusable Views */ = {
			isa = PBXGroup;
			children = (
				27C2685726734BFB000D2D10 /* Information Pop Up View */,
				279A51D626722C49007A559E /* Color Combination View */,
				83B53B0F2673614900BED257 /* Theme Collection View */,
				279A51D526722C37007A559E /* Color Table View  */,
				83052DB626737933000B0A36 /* Palette Table View */,
				83052DBE26737A07000B0A36 /* Previews */,
			);
			path = "Reusable Views";
			sourceTree = "<group>";
		};
		279A51D526722C37007A559E /* Color Table View  */ = {
			isa = PBXGroup;
			children = (
				279A51D026721C3C007A559E /* ColorTableViewCell.swift */,
				279A51D126721C3C007A559E /* ColorTableViewCell.xib */,
			);
			path = "Color Table View ";
			sourceTree = "<group>";
		};
		279A51D626722C49007A559E /* Color Combination View */ = {
			isa = PBXGroup;
			children = (
				279A51D726722C76007A559E /* ColorCombinationTableViewCell.swift */,
				279A51D826722C76007A559E /* ColorCombinationTableViewCell.xib */,
			);
			path = "Color Combination View";
			sourceTree = "<group>";
		};
		27C2685726734BFB000D2D10 /* Information Pop Up View */ = {
			isa = PBXGroup;
			children = (
				27C2685826734C69000D2D10 /* InformationPopUpViewViewController.swift */,
				27C2685926734C69000D2D10 /* InformationPopUpViewViewController.xib */,
			);
			path = "Information Pop Up View";
			sourceTree = "<group>";
		};
		83052DB626737933000B0A36 /* Palette Table View */ = {
			isa = PBXGroup;
			children = (
				83052DB2267378CE000B0A36 /* PaletteTableViewCell.swift */,
				83052DB426737903000B0A36 /* PaletteTableViewCell.xib */,
			);
			path = "Palette Table View";
			sourceTree = "<group>";
		};
		83052DBE26737A07000B0A36 /* Previews */ = {
			isa = PBXGroup;
			children = (
				83052DBA267379DE000B0A36 /* PreviewsView.swift */,
				83052DBC267379F4000B0A36 /* Views.xib */,
			);
			path = Previews;
			sourceTree = "<group>";
		};
		8321CD352660EE5C0094519F = {
			isa = PBXGroup;
			children = (
				8321CD402660EE5C0094519F /* preferrd */,
				8321CD3F2660EE5C0094519F /* Products */,
			);
			sourceTree = "<group>";
		};
		8321CD3F2660EE5C0094519F /* Products */ = {
			isa = PBXGroup;
			children = (
				8321CD3E2660EE5C0094519F /* preferrd.app */,
			);
			name = Products;
			sourceTree = "<group>";
		};
		8321CD402660EE5C0094519F /* preferrd */ = {
			isa = PBXGroup;
			children = (
				83E6252D266BFA6200DC3773 /* Application */,
				83E6252E266BFAAC00DC3773 /* Resources */,
				83EA288A2668E72200D7D788 /* Models */,
				83EA28872668E3C300D7D788 /* Views */,
				83EA28892668E6FA00D7D788 /* Controllers */,
				83EA28882668E3D700D7D788 /* Helpers */,
			);
			path = preferrd;
			sourceTree = "<group>";
		};
		83B53B0F2673614900BED257 /* Theme Collection View */ = {
			isa = PBXGroup;
			children = (
				CCCA6C0D26721C5700D7D3AF /* ThemeCollectionViewCell.swift */,
				CCCA6C0E26721C5700D7D3AF /* ThemeCollectionViewCell.xib */,
			);
			path = "Theme Collection View";
			sourceTree = "<group>";
		};
		83E6252D266BFA6200DC3773 /* Application */ = {
			isa = PBXGroup;
			children = (
				8321CD412660EE5C0094519F /* AppDelegate.swift */,
				8321CD432660EE5C0094519F /* SceneDelegate.swift */,
				8321CD522660EE5D0094519F /* Info.plist */,
				834005132661691D0061724B /* Extensions.swift */,
				83897DDD266BFB8000AB4913 /* Constants.swift */,
				8321CD5C2660F3AB0094519F /* Localizable.strings */,
			);
			path = Application;
			sourceTree = "<group>";
		};
		83E6252E266BFAAC00DC3773 /* Resources */ = {
			isa = PBXGroup;
			children = (
				8321CD4D2660EE5D0094519F /* Assets.xcassets */,
			);
			path = Resources;
			sourceTree = "<group>";
		};
		83EA28872668E3C300D7D788 /* Views */ = {
			isa = PBXGroup;
			children = (
				279A51CF26721C24007A559E /* Reusable Views */,
				8321CD582660F3570094519F /* Main.storyboard */,
				CC654F0B26735284004C7C8A /* PickTheme.storyboard */,
				8321CD5A2660F3710094519F /* LaunchScreen.storyboard */,
				83171EDD26714C60001999F7 /* RelatedColorCell.swift */,
			);
			path = Views;
			sourceTree = "<group>";
		};
		83EA28882668E3D700D7D788 /* Helpers */ = {
			isa = PBXGroup;
			children = (
				83D22DBE266623AC0009B9AF /* ColorHelper.swift */,
			);
			path = Helpers;
			sourceTree = "<group>";
		};
		83EA28892668E6FA00D7D788 /* Controllers */ = {
			isa = PBXGroup;
			children = (
				8321CD452660EE5C0094519F /* MainViewController.swift */,
				CC654F0D26735812004C7C8A /* PickThemeViewController.swift */,
				1C7989B3267882AC004D6138 /* TestMain.swift */,
			);
			path = Controllers;
			sourceTree = "<group>";
		};
		83EA288A2668E72200D7D788 /* Models */ = {
			isa = PBXGroup;
			children = (
				8321CD4A2660EE5C0094519F /* Preferrd.xcdatamodeld */,
				8304D0A6266EA64300EBABB5 /* Color.swift */,
				83DD4D87266E81CD00BC2EC4 /* ColorMeaning.swift */,
				83BDB9AB266F8EF400CC8DEE /* ColorCombination.swift */,
			);
			path = Models;
			sourceTree = "<group>";
		};
/* End PBXGroup section */

/* Begin PBXNativeTarget section */
		8321CD3D2660EE5C0094519F /* preferrd */ = {
			isa = PBXNativeTarget;
			buildConfigurationList = 8321CD552660EE5D0094519F /* Build configuration list for PBXNativeTarget "preferrd" */;
			buildPhases = (
				8321CD602660F4FA0094519F /* Run SwiftLint */,
				8321CD3A2660EE5C0094519F /* Sources */,
				8321CD3B2660EE5C0094519F /* Frameworks */,
				8321CD3C2660EE5C0094519F /* Resources */,
			);
			buildRules = (
			);
			dependencies = (
			);
			name = preferrd;
			productName = hydrococo;
			productReference = 8321CD3E2660EE5C0094519F /* preferrd.app */;
			productType = "com.apple.product-type.application";
		};
/* End PBXNativeTarget section */

/* Begin PBXProject section */
		8321CD362660EE5C0094519F /* Project object */ = {
			isa = PBXProject;
			attributes = {
				LastSwiftUpdateCheck = 1250;
				LastUpgradeCheck = 1250;
				TargetAttributes = {
					8321CD3D2660EE5C0094519F = {
						CreatedOnToolsVersion = 12.5;
					};
				};
			};
			buildConfigurationList = 8321CD392660EE5C0094519F /* Build configuration list for PBXProject "preferrd" */;
			compatibilityVersion = "Xcode 9.3";
			developmentRegion = en;
			hasScannedForEncodings = 0;
			knownRegions = (
				en,
				Base,
				id,
			);
			mainGroup = 8321CD352660EE5C0094519F;
			productRefGroup = 8321CD3F2660EE5C0094519F /* Products */;
			projectDirPath = "";
			projectRoot = "";
			targets = (
				8321CD3D2660EE5C0094519F /* preferrd */,
			);
		};
/* End PBXProject section */

/* Begin PBXResourcesBuildPhase section */
		8321CD3C2660EE5C0094519F /* Resources */ = {
			isa = PBXResourcesBuildPhase;
			buildActionMask = 2147483647;
			files = (
				27C2685B26734C69000D2D10 /* InformationPopUpViewViewController.xib in Resources */,
				CC654F0C26735284004C7C8A /* PickTheme.storyboard in Resources */,
				8321CD4E2660EE5D0094519F /* Assets.xcassets in Resources */,
				279A51DA26722C76007A559E /* ColorCombinationTableViewCell.xib in Resources */,
				8321CD5E2660F3AB0094519F /* Localizable.strings in Resources */,
				CCCA6C1026721C5700D7D3AF /* ThemeCollectionViewCell.xib in Resources */,
				8321CD5B2660F3710094519F /* LaunchScreen.storyboard in Resources */,
				83052DB526737903000B0A36 /* PaletteTableViewCell.xib in Resources */,
				83052DBD267379F4000B0A36 /* Views.xib in Resources */,
				8321CD592660F3570094519F /* Main.storyboard in Resources */,
				279A51D326721C3C007A559E /* ColorTableViewCell.xib in Resources */,
			);
			runOnlyForDeploymentPostprocessing = 0;
		};
/* End PBXResourcesBuildPhase section */

/* Begin PBXShellScriptBuildPhase section */
		8321CD602660F4FA0094519F /* Run SwiftLint */ = {
			isa = PBXShellScriptBuildPhase;
			buildActionMask = 2147483647;
			files = (
			);
			inputFileListPaths = (
			);
			inputPaths = (
			);
			name = "Run SwiftLint";
			outputFileListPaths = (
			);
			outputPaths = (
			);
			runOnlyForDeploymentPostprocessing = 0;
			shellPath = /bin/sh;
			shellScript = "if which swiftlint >/dev/null; then\n  swiftlint\nelse\n  echo \"warning: SwiftLint not installed, download from https://github.com/realm/SwiftLint\"\nfi\n";
		};
/* End PBXShellScriptBuildPhase section */

/* Begin PBXSourcesBuildPhase section */
		8321CD3A2660EE5C0094519F /* Sources */ = {
			isa = PBXSourcesBuildPhase;
			buildActionMask = 2147483647;
			files = (
				834005142661691D0061724B /* Extensions.swift in Sources */,
				8321CD4C2660EE5C0094519F /* Preferrd.xcdatamodeld in Sources */,
				CCCA6C0F26721C5700D7D3AF /* ThemeCollectionViewCell.swift in Sources */,
				8321CD462660EE5C0094519F /* MainViewController.swift in Sources */,
				83D22DBF266623AC0009B9AF /* ColorHelper.swift in Sources */,
				1C7989B4267882AC004D6138 /* TestMain.swift in Sources */,
				83897DDE266BFB8000AB4913 /* Constants.swift in Sources */,
				279A51D226721C3C007A559E /* ColorTableViewCell.swift in Sources */,
				83BDB9AC266F8EF400CC8DEE /* ColorCombination.swift in Sources */,
				CC654F0E26735812004C7C8A /* PickThemeViewController.swift in Sources */,
				83052DBB267379DE000B0A36 /* PreviewsView.swift in Sources */,
				8321CD422660EE5C0094519F /* AppDelegate.swift in Sources */,
				8321CD442660EE5C0094519F /* SceneDelegate.swift in Sources */,
				83DD4D88266E81CD00BC2EC4 /* ColorMeaning.swift in Sources */,
				83052DB3267378CE000B0A36 /* PaletteTableViewCell.swift in Sources */,
				279A51D926722C76007A559E /* ColorCombinationTableViewCell.swift in Sources */,
				83171EDE26714C60001999F7 /* RelatedColorCell.swift in Sources */,
				8304D0A7266EA64300EBABB5 /* Color.swift in Sources */,
				27C2685A26734C69000D2D10 /* InformationPopUpViewViewController.swift in Sources */,
			);
			runOnlyForDeploymentPostprocessing = 0;
		};
/* End PBXSourcesBuildPhase section */

/* Begin PBXVariantGroup section */
		8321CD5C2660F3AB0094519F /* Localizable.strings */ = {
			isa = PBXVariantGroup;
			children = (
				8321CD5D2660F3AB0094519F /* Base */,
				8321CD5F2660F3B90094519F /* id */,
			);
			name = Localizable.strings;
			sourceTree = "<group>";
		};
/* End PBXVariantGroup section */

/* Begin XCBuildConfiguration section */
		8321CD532660EE5D0094519F /* Debug */ = {
			isa = XCBuildConfiguration;
			buildSettings = {
				ALWAYS_SEARCH_USER_PATHS = NO;
				CLANG_ANALYZER_LOCALIZABILITY_NONLOCALIZED = YES;
				CLANG_ANALYZER_NONNULL = YES;
				CLANG_ANALYZER_NUMBER_OBJECT_CONVERSION = YES_AGGRESSIVE;
				CLANG_CXX_LANGUAGE_STANDARD = "gnu++14";
				CLANG_CXX_LIBRARY = "libc++";
				CLANG_ENABLE_MODULES = YES;
				CLANG_ENABLE_OBJC_ARC = YES;
				CLANG_ENABLE_OBJC_WEAK = YES;
				CLANG_WARN_BLOCK_CAPTURE_AUTORELEASING = YES;
				CLANG_WARN_BOOL_CONVERSION = YES;
				CLANG_WARN_COMMA = YES;
				CLANG_WARN_CONSTANT_CONVERSION = YES;
				CLANG_WARN_DEPRECATED_OBJC_IMPLEMENTATIONS = YES;
				CLANG_WARN_DIRECT_OBJC_ISA_USAGE = YES_ERROR;
				CLANG_WARN_DOCUMENTATION_COMMENTS = YES;
				CLANG_WARN_EMPTY_BODY = YES;
				CLANG_WARN_ENUM_CONVERSION = YES;
				CLANG_WARN_INFINITE_RECURSION = YES;
				CLANG_WARN_INT_CONVERSION = YES;
				CLANG_WARN_NON_LITERAL_NULL_CONVERSION = YES;
				CLANG_WARN_OBJC_IMPLICIT_RETAIN_SELF = YES;
				CLANG_WARN_OBJC_LITERAL_CONVERSION = YES;
				CLANG_WARN_OBJC_ROOT_CLASS = YES_ERROR;
				CLANG_WARN_QUOTED_INCLUDE_IN_FRAMEWORK_HEADER = YES;
				CLANG_WARN_RANGE_LOOP_ANALYSIS = YES;
				CLANG_WARN_STRICT_PROTOTYPES = YES;
				CLANG_WARN_SUSPICIOUS_MOVE = YES;
				CLANG_WARN_UNGUARDED_AVAILABILITY = YES_AGGRESSIVE;
				CLANG_WARN_UNREACHABLE_CODE = YES;
				CLANG_WARN__DUPLICATE_METHOD_MATCH = YES;
				COPY_PHASE_STRIP = NO;
				DEBUG_INFORMATION_FORMAT = dwarf;
				ENABLE_STRICT_OBJC_MSGSEND = YES;
				ENABLE_TESTABILITY = YES;
				GCC_C_LANGUAGE_STANDARD = gnu11;
				GCC_DYNAMIC_NO_PIC = NO;
				GCC_NO_COMMON_BLOCKS = YES;
				GCC_OPTIMIZATION_LEVEL = 0;
				GCC_PREPROCESSOR_DEFINITIONS = (
					"DEBUG=1",
					"$(inherited)",
				);
				GCC_WARN_64_TO_32_BIT_CONVERSION = YES;
				GCC_WARN_ABOUT_RETURN_TYPE = YES_ERROR;
				GCC_WARN_UNDECLARED_SELECTOR = YES;
				GCC_WARN_UNINITIALIZED_AUTOS = YES_AGGRESSIVE;
				GCC_WARN_UNUSED_FUNCTION = YES;
				GCC_WARN_UNUSED_VARIABLE = YES;
				IPHONEOS_DEPLOYMENT_TARGET = 14.5;
				MTL_ENABLE_DEBUG_INFO = INCLUDE_SOURCE;
				MTL_FAST_MATH = YES;
				ONLY_ACTIVE_ARCH = YES;
				SDKROOT = iphoneos;
				SWIFT_ACTIVE_COMPILATION_CONDITIONS = DEBUG;
				SWIFT_OPTIMIZATION_LEVEL = "-Onone";
			};
			name = Debug;
		};
		8321CD542660EE5D0094519F /* Release */ = {
			isa = XCBuildConfiguration;
			buildSettings = {
				ALWAYS_SEARCH_USER_PATHS = NO;
				CLANG_ANALYZER_LOCALIZABILITY_NONLOCALIZED = YES;
				CLANG_ANALYZER_NONNULL = YES;
				CLANG_ANALYZER_NUMBER_OBJECT_CONVERSION = YES_AGGRESSIVE;
				CLANG_CXX_LANGUAGE_STANDARD = "gnu++14";
				CLANG_CXX_LIBRARY = "libc++";
				CLANG_ENABLE_MODULES = YES;
				CLANG_ENABLE_OBJC_ARC = YES;
				CLANG_ENABLE_OBJC_WEAK = YES;
				CLANG_WARN_BLOCK_CAPTURE_AUTORELEASING = YES;
				CLANG_WARN_BOOL_CONVERSION = YES;
				CLANG_WARN_COMMA = YES;
				CLANG_WARN_CONSTANT_CONVERSION = YES;
				CLANG_WARN_DEPRECATED_OBJC_IMPLEMENTATIONS = YES;
				CLANG_WARN_DIRECT_OBJC_ISA_USAGE = YES_ERROR;
				CLANG_WARN_DOCUMENTATION_COMMENTS = YES;
				CLANG_WARN_EMPTY_BODY = YES;
				CLANG_WARN_ENUM_CONVERSION = YES;
				CLANG_WARN_INFINITE_RECURSION = YES;
				CLANG_WARN_INT_CONVERSION = YES;
				CLANG_WARN_NON_LITERAL_NULL_CONVERSION = YES;
				CLANG_WARN_OBJC_IMPLICIT_RETAIN_SELF = YES;
				CLANG_WARN_OBJC_LITERAL_CONVERSION = YES;
				CLANG_WARN_OBJC_ROOT_CLASS = YES_ERROR;
				CLANG_WARN_QUOTED_INCLUDE_IN_FRAMEWORK_HEADER = YES;
				CLANG_WARN_RANGE_LOOP_ANALYSIS = YES;
				CLANG_WARN_STRICT_PROTOTYPES = YES;
				CLANG_WARN_SUSPICIOUS_MOVE = YES;
				CLANG_WARN_UNGUARDED_AVAILABILITY = YES_AGGRESSIVE;
				CLANG_WARN_UNREACHABLE_CODE = YES;
				CLANG_WARN__DUPLICATE_METHOD_MATCH = YES;
				COPY_PHASE_STRIP = NO;
				DEBUG_INFORMATION_FORMAT = "dwarf-with-dsym";
				ENABLE_NS_ASSERTIONS = NO;
				ENABLE_STRICT_OBJC_MSGSEND = YES;
				GCC_C_LANGUAGE_STANDARD = gnu11;
				GCC_NO_COMMON_BLOCKS = YES;
				GCC_WARN_64_TO_32_BIT_CONVERSION = YES;
				GCC_WARN_ABOUT_RETURN_TYPE = YES_ERROR;
				GCC_WARN_UNDECLARED_SELECTOR = YES;
				GCC_WARN_UNINITIALIZED_AUTOS = YES_AGGRESSIVE;
				GCC_WARN_UNUSED_FUNCTION = YES;
				GCC_WARN_UNUSED_VARIABLE = YES;
				IPHONEOS_DEPLOYMENT_TARGET = 14.5;
				MTL_ENABLE_DEBUG_INFO = NO;
				MTL_FAST_MATH = YES;
				SDKROOT = iphoneos;
				SWIFT_COMPILATION_MODE = wholemodule;
				SWIFT_OPTIMIZATION_LEVEL = "-O";
				VALIDATE_PRODUCT = YES;
			};
			name = Release;
		};
		8321CD562660EE5D0094519F /* Debug */ = {
			isa = XCBuildConfiguration;
			buildSettings = {
				ASSETCATALOG_COMPILER_APPICON_NAME = AppIcon;
				ASSETCATALOG_COMPILER_GLOBAL_ACCENT_COLOR_NAME = AccentColor;
				CODE_SIGN_STYLE = Automatic;
				DEVELOPMENT_TEAM = 8KKWD6QU49;
				INFOPLIST_FILE = preferrd/Application/Info.plist;
				LD_RUNPATH_SEARCH_PATHS = (
					"$(inherited)",
					"@executable_path/Frameworks",
				);
				PRODUCT_BUNDLE_IDENTIFIER = com.budisaputra.preferrd;
				PRODUCT_NAME = "$(TARGET_NAME)";
				SWIFT_VERSION = 5.0;
				TARGETED_DEVICE_FAMILY = 1;
			};
			name = Debug;
		};
		8321CD572660EE5D0094519F /* Release */ = {
			isa = XCBuildConfiguration;
			buildSettings = {
				ASSETCATALOG_COMPILER_APPICON_NAME = AppIcon;
				ASSETCATALOG_COMPILER_GLOBAL_ACCENT_COLOR_NAME = AccentColor;
				CODE_SIGN_STYLE = Automatic;
				DEVELOPMENT_TEAM = 8KKWD6QU49;
				INFOPLIST_FILE = preferrd/Application/Info.plist;
				LD_RUNPATH_SEARCH_PATHS = (
					"$(inherited)",
					"@executable_path/Frameworks",
				);
				PRODUCT_BUNDLE_IDENTIFIER = com.budisaputra.preferrd;
				PRODUCT_NAME = "$(TARGET_NAME)";
				SWIFT_VERSION = 5.0;
				TARGETED_DEVICE_FAMILY = 1;
			};
			name = Release;
		};
/* End XCBuildConfiguration section */

/* Begin XCConfigurationList section */
		8321CD392660EE5C0094519F /* Build configuration list for PBXProject "preferrd" */ = {
			isa = XCConfigurationList;
			buildConfigurations = (
				8321CD532660EE5D0094519F /* Debug */,
				8321CD542660EE5D0094519F /* Release */,
			);
			defaultConfigurationIsVisible = 0;
			defaultConfigurationName = Release;
		};
		8321CD552660EE5D0094519F /* Build configuration list for PBXNativeTarget "preferrd" */ = {
			isa = XCConfigurationList;
			buildConfigurations = (
				8321CD562660EE5D0094519F /* Debug */,
				8321CD572660EE5D0094519F /* Release */,
			);
			defaultConfigurationIsVisible = 0;
			defaultConfigurationName = Release;
		};
/* End XCConfigurationList section */

/* Begin XCVersionGroup section */
		8321CD4A2660EE5C0094519F /* Preferrd.xcdatamodeld */ = {
			isa = XCVersionGroup;
			children = (
				8321CD4B2660EE5C0094519F /* hydrococo.xcdatamodel */,
			);
			currentVersion = 8321CD4B2660EE5C0094519F /* hydrococo.xcdatamodel */;
			path = Preferrd.xcdatamodeld;
			sourceTree = "<group>";
			versionGroupType = wrapper.xcdatamodel;
		};
/* End XCVersionGroup section */
	};
	rootObject = 8321CD362660EE5C0094519F /* Project object */;
}
